
Microsoft Visual Studio Solution File, Format Version 12.00
# Visual Studio Version 16
VisualStudioVersion = 16.0.30330.147
MinimumVisualStudioVersion = 10.0.40219.1
Project("{9A19103F-16F7-4668-BE54-9A1E7A4F7556}") = "IIS Log Parser", "IIS Log Parser\IIS Log Parser.csproj", "{7825243B-FD8A-4FEA-9BD4-9D2E913E40B9}"
EndProject
Project("{FAE04EC0-301F-11D3-BF4B-00C04F79EFBC}") = "IIS Log Parser Tests", "IIS Log Parser Tests\IIS Log Parser Tests.csproj", "{E611BAF1-13AF-402F-8C3D-D9DD6CEC60C5}"
EndProject
Global
	GlobalSection(SolutionConfigurationPlatforms) = preSolution
		Debug|Any CPU = Debug|Any CPU
		Release|Any CPU = Release|Any CPU
	EndGlobalSection
	GlobalSection(ProjectConfigurationPlatforms) = postSolution
		{7825243B-FD8A-4FEA-9BD4-9D2E913E40B9}.Debug|Any CPU.ActiveCfg = Debug|Any CPU
		{7825243B-FD8A-4FEA-9BD4-9D2E913E40B9}.Debug|Any CPU.Build.0 = Debug|Any CPU
		{7825243B-FD8A-4FEA-9BD4-9D2E913E40B9}.Release|Any CPU.ActiveCfg = Release|Any CPU
		{7825243B-FD8A-4FEA-9BD4-9D2E913E40B9}.Release|Any CPU.Build.0 = Release|Any CPU
		{E611BAF1-13AF-402F-8C3D-D9DD6CEC60C5}.Debug|Any CPU.ActiveCfg = Debug|Any CPU
		{E611BAF1-13AF-402F-8C3D-D9DD6CEC60C5}.Debug|Any CPU.Build.0 = Debug|Any CPU
		{E611BAF1-13AF-402F-8C3D-D9DD6CEC60C5}.Release|Any CPU.ActiveCfg = Release|Any CPU
		{E611BAF1-13AF-402F-8C3D-D9DD6CEC60C5}.Release|Any CPU.Build.0 = Release|Any CPU
	EndGlobalSection
	GlobalSection(SolutionProperties) = preSolution
		HideSolutionNode = FALSE
	EndGlobalSection
	GlobalSection(ExtensibilityGlobals) = postSolution
		SolutionGuid = {08E4AF48-B2A1-4051-999E-CE46569CF5F7}
	EndGlobalSection
EndGlobal
